
Microsoft Visual Studio Solution File, Format Version 12.00
# Visual Studio Version 17
VisualStudioVersion = 17.7.33808.371
MinimumVisualStudioVersion = 10.0.40219.1
Project("{FAE04EC0-301F-11D3-BF4B-00C04F79EFBC}") = "Maze.Solver", "Maze.Solver\Maze.Solver.csproj", "{A230CC09-DF00-4EE6-98D9-AB1C1EA789FF}"
EndProject
Project("{9A19103F-16F7-4668-BE54-9A1E7A4F7556}") = "Maze.Core", "Maze.Core\Maze.Core.csproj", "{98CA6541-18DD-4E01-8D94-E2885A9C27C6}"
EndProject
Project("{9A19103F-16F7-4668-BE54-9A1E7A4F7556}") = "Maze.Solver.WpfApp", "Maze.Solver.WpfApp\Maze.Solver.WpfApp.csproj", "{1CA710E9-5E76-4173-ADEB-0298381EF64A}"
EndProject
Project("{2150E333-8FDC-42A3-9474-1A3956D46DE8}") = "Assets", "Assets", "{8F1E90B6-6D41-47B9-A238-D0ACAE20FC43}"
EndProject
Global
	GlobalSection(SolutionConfigurationPlatforms) = preSolution
		Debug|Any CPU = Debug|Any CPU
		Release|Any CPU = Release|Any CPU
	EndGlobalSection
	GlobalSection(ProjectConfigurationPlatforms) = postSolution
		{A230CC09-DF00-4EE6-98D9-AB1C1EA789FF}.Debug|Any CPU.ActiveCfg = Debug|Any CPU
		{A230CC09-DF00-4EE6-98D9-AB1C1EA789FF}.Debug|Any CPU.Build.0 = Debug|Any CPU
		{A230CC09-DF00-4EE6-98D9-AB1C1EA789FF}.Release|Any CPU.ActiveCfg = Release|Any CPU
		{A230CC09-DF00-4EE6-98D9-AB1C1EA789FF}.Release|Any CPU.Build.0 = Release|Any CPU
		{98CA6541-18DD-4E01-8D94-E2885A9C27C6}.Debug|Any CPU.ActiveCfg = Debug|Any CPU
		{98CA6541-18DD-4E01-8D94-E2885A9C27C6}.Debug|Any CPU.Build.0 = Debug|Any CPU
		{98CA6541-18DD-4E01-8D94-E2885A9C27C6}.Release|Any CPU.ActiveCfg = Release|Any CPU
		{98CA6541-18DD-4E01-8D94-E2885A9C27C6}.Release|Any CPU.Build.0 = Release|Any CPU
		{1CA710E9-5E76-4173-ADEB-0298381EF64A}.Debug|Any CPU.ActiveCfg = Debug|Any CPU
		{1CA710E9-5E76-4173-ADEB-0298381EF64A}.Debug|Any CPU.Build.0 = Debug|Any CPU
		{1CA710E9-5E76-4173-ADEB-0298381EF64A}.Release|Any CPU.ActiveCfg = Release|Any CPU
		{1CA710E9-5E76-4173-ADEB-0298381EF64A}.Release|Any CPU.Build.0 = Release|Any CPU
	EndGlobalSection
	GlobalSection(SolutionProperties) = preSolution
		HideSolutionNode = FALSE
	EndGlobalSection
	GlobalSection(ExtensibilityGlobals) = postSolution
		SolutionGuid = {92C34183-7D7E-4C4B-A723-0417A89F0C57}
	EndGlobalSection
EndGlobal
